// !$*UTF8*$!
{
	archiveVersion = 1;
	classes = {
	};
	objectVersion = 46;
	objects = {

/* Begin PBXBuildFile section */
		4566413F1E0A79AE0060454F /* main.cpp in Sources */ = {isa = PBXBuildFile; fileRef = 4566413E1E0A79AE0060454F /* main.cpp */; };
		63F2F6821E2C874600AAF022 /* libopencv_imgcodecs.3.0.0.dylib in Frameworks */ = {isa = PBXBuildFile; fileRef = 63F2F6801E2C874600AAF022 /* libopencv_imgcodecs.3.0.0.dylib */; };
		63F2F6831E2C874600AAF022 /* libopencv_imgproc.3.0.0.dylib in Frameworks */ = {isa = PBXBuildFile; fileRef = 63F2F6811E2C874600AAF022 /* libopencv_imgproc.3.0.0.dylib */; };
		63F2F6851E2C875700AAF022 /* libopencv_core.3.0.0.dylib in Frameworks */ = {isa = PBXBuildFile; fileRef = 63F2F6841E2C875700AAF022 /* libopencv_core.3.0.0.dylib */; };
		63F2F6871E2C876300AAF022 /* libopencv_highgui.3.0.0.dylib in Frameworks */ = {isa = PBXBuildFile; fileRef = 63F2F6861E2C876300AAF022 /* libopencv_highgui.3.0.0.dylib */; };
		63F2F6891E2C883900AAF022 /* libopencv_video.3.0.0.dylib in Frameworks */ = {isa = PBXBuildFile; fileRef = 63F2F6881E2C883900AAF022 /* libopencv_video.3.0.0.dylib */; };
		63F2F68B1E2C884600AAF022 /* libopencv_videoio.3.0.0.dylib in Frameworks */ = {isa = PBXBuildFile; fileRef = 63F2F68A1E2C884600AAF022 /* libopencv_videoio.3.0.0.dylib */; };
/* End PBXBuildFile section */

/* Begin PBXCopyFilesBuildPhase section */
		456641391E0A79AE0060454F /* CopyFiles */ = {
			isa = PBXCopyFilesBuildPhase;
			buildActionMask = 2147483647;
			dstPath = /usr/share/man/man1/;
			dstSubfolderSpec = 0;
			files = (
			);
			runOnlyForDeploymentPostprocessing = 1;
		};
/* End PBXCopyFilesBuildPhase section */

/* Begin PBXFileReference section */
		4566413B1E0A79AE0060454F /* drunkChecker */ = {isa = PBXFileReference; explicitFileType = "compiled.mach-o.executable"; includeInIndex = 0; path = drunkChecker; sourceTree = BUILT_PRODUCTS_DIR; };
		4566413E1E0A79AE0060454F /* main.cpp */ = {isa = PBXFileReference; lastKnownFileType = sourcecode.cpp.cpp; path = main.cpp; sourceTree = "<group>"; };
		63F2F6801E2C874600AAF022 /* libopencv_imgcodecs.3.0.0.dylib */ = {isa = PBXFileReference; lastKnownFileType = "compiled.mach-o.dylib"; name = libopencv_imgcodecs.3.0.0.dylib; path = ../../../../../../../opt/local/lib/libopencv_imgcodecs.3.0.0.dylib; sourceTree = "<group>"; };
		63F2F6811E2C874600AAF022 /* libopencv_imgproc.3.0.0.dylib */ = {isa = PBXFileReference; lastKnownFileType = "compiled.mach-o.dylib"; name = libopencv_imgproc.3.0.0.dylib; path = ../../../../../../../opt/local/lib/libopencv_imgproc.3.0.0.dylib; sourceTree = "<group>"; };
		63F2F6841E2C875700AAF022 /* libopencv_core.3.0.0.dylib */ = {isa = PBXFileReference; lastKnownFileType = "compiled.mach-o.dylib"; name = libopencv_core.3.0.0.dylib; path = ../../../../../../../opt/local/lib/libopencv_core.3.0.0.dylib; sourceTree = "<group>"; };
		63F2F6861E2C876300AAF022 /* libopencv_highgui.3.0.0.dylib */ = {isa = PBXFileReference; lastKnownFileType = "compiled.mach-o.dylib"; name = libopencv_highgui.3.0.0.dylib; path = ../../../../../../../opt/local/lib/libopencv_highgui.3.0.0.dylib; sourceTree = "<group>"; };
		63F2F6881E2C883900AAF022 /* libopencv_video.3.0.0.dylib */ = {isa = PBXFileReference; lastKnownFileType = "compiled.mach-o.dylib"; name = libopencv_video.3.0.0.dylib; path = ../../../../../../../opt/local/lib/libopencv_video.3.0.0.dylib; sourceTree = "<group>"; };
		63F2F68A1E2C884600AAF022 /* libopencv_videoio.3.0.0.dylib */ = {isa = PBXFileReference; lastKnownFileType = "compiled.mach-o.dylib"; name = libopencv_videoio.3.0.0.dylib; path = ../../../../../../../opt/local/lib/libopencv_videoio.3.0.0.dylib; sourceTree = "<group>"; };
/* End PBXFileReference section */

/* Begin PBXFrameworksBuildPhase section */
		456641381E0A79AE0060454F /* Frameworks */ = {
			isa = PBXFrameworksBuildPhase;
			buildActionMask = 2147483647;
			files = (
				63F2F68B1E2C884600AAF022 /* libopencv_videoio.3.0.0.dylib in Frameworks */,
				63F2F6891E2C883900AAF022 /* libopencv_video.3.0.0.dylib in Frameworks */,
				63F2F6871E2C876300AAF022 /* libopencv_highgui.3.0.0.dylib in Frameworks */,
				63F2F6851E2C875700AAF022 /* libopencv_core.3.0.0.dylib in Frameworks */,
				63F2F6821E2C874600AAF022 /* libopencv_imgcodecs.3.0.0.dylib in Frameworks */,
				63F2F6831E2C874600AAF022 /* libopencv_imgproc.3.0.0.dylib in Frameworks */,
			);
			runOnlyForDeploymentPostprocessing = 0;
		};
/* End PBXFrameworksBuildPhase section */

/* Begin PBXGroup section */
		456641321E0A79AE0060454F = {
			isa = PBXGroup;
			children = (
				63F2F68A1E2C884600AAF022 /* libopencv_videoio.3.0.0.dylib */,
				63F2F6881E2C883900AAF022 /* libopencv_video.3.0.0.dylib */,
				63F2F6861E2C876300AAF022 /* libopencv_highgui.3.0.0.dylib */,
				63F2F6841E2C875700AAF022 /* libopencv_core.3.0.0.dylib */,
				63F2F6801E2C874600AAF022 /* libopencv_imgcodecs.3.0.0.dylib */,
				63F2F6811E2C874600AAF022 /* libopencv_imgproc.3.0.0.dylib */,
				4566413D1E0A79AE0060454F /* drunkChecker */,
				4566413C1E0A79AE0060454F /* Products */,
			);
			sourceTree = "<group>";
		};
		4566413C1E0A79AE0060454F /* Products */ = {
			isa = PBXGroup;
			children = (
				4566413B1E0A79AE0060454F /* drunkChecker */,
			);
			name = Products;
			sourceTree = "<group>";
		};
		4566413D1E0A79AE0060454F /* drunkChecker */ = {
			isa = PBXGroup;
			children = (
				4566413E1E0A79AE0060454F /* main.cpp */,
			);
			path = drunkChecker;
			sourceTree = "<group>";
		};
/* End PBXGroup section */

/* Begin PBXNativeTarget section */
		4566413A1E0A79AE0060454F /* drunkChecker */ = {
			isa = PBXNativeTarget;
			buildConfigurationList = 456641421E0A79AE0060454F /* Build configuration list for PBXNativeTarget "drunkChecker" */;
			buildPhases = (
				456641371E0A79AE0060454F /* Sources */,
				456641381E0A79AE0060454F /* Frameworks */,
				456641391E0A79AE0060454F /* CopyFiles */,
			);
			buildRules = (
			);
			dependencies = (
			);
			name = drunkChecker;
			productName = drunkChecker;
			productReference = 4566413B1E0A79AE0060454F /* drunkChecker */;
			productType = "com.apple.product-type.tool";
		};
/* End PBXNativeTarget section */

/* Begin PBXProject section */
		456641331E0A79AE0060454F /* Project object */ = {
			isa = PBXProject;
			attributes = {
				LastUpgradeCheck = 0630;
				ORGANIZATIONNAME = AIT;
				TargetAttributes = {
					4566413A1E0A79AE0060454F = {
						CreatedOnToolsVersion = 6.3.2;
					};
				};
			};
			buildConfigurationList = 456641361E0A79AE0060454F /* Build configuration list for PBXProject "drunkChecker" */;
			compatibilityVersion = "Xcode 3.2";
			developmentRegion = English;
			hasScannedForEncodings = 0;
			knownRegions = (
				en,
			);
			mainGroup = 456641321E0A79AE0060454F;
			productRefGroup = 4566413C1E0A79AE0060454F /* Products */;
			projectDirPath = "";
			projectRoot = "";
			targets = (
				4566413A1E0A79AE0060454F /* drunkChecker */,
			);
		};
/* End PBXProject section */

/* Begin PBXSourcesBuildPhase section */
		456641371E0A79AE0060454F /* Sources */ = {
			isa = PBXSourcesBuildPhase;
			buildActionMask = 2147483647;
			files = (
				4566413F1E0A79AE0060454F /* main.cpp in Sources */,
			);
			runOnlyForDeploymentPostprocessing = 0;
		};
/* End PBXSourcesBuildPhase section */

/* Begin XCBuildConfiguration section */
		456641401E0A79AE0060454F /* Debug */ = {
			isa = XCBuildConfiguration;
			buildSettings = {
				ALWAYS_SEARCH_USER_PATHS = NO;
				CLANG_CXX_LANGUAGE_STANDARD = "gnu++0x";
				CLANG_CXX_LIBRARY = "libc++";
				CLANG_ENABLE_MODULES = YES;
				CLANG_ENABLE_OBJC_ARC = YES;
				CLANG_WARN_BOOL_CONVERSION = YES;
				CLANG_WARN_CONSTANT_CONVERSION = YES;
				CLANG_WARN_DIRECT_OBJC_ISA_USAGE = YES_ERROR;
				CLANG_WARN_EMPTY_BODY = YES;
				CLANG_WARN_ENUM_CONVERSION = YES;
				CLANG_WARN_INT_CONVERSION = YES;
				CLANG_WARN_OBJC_ROOT_CLASS = YES_ERROR;
				CLANG_WARN_UNREACHABLE_CODE = YES;
				CLANG_WARN__DUPLICATE_METHOD_MATCH = YES;
				COPY_PHASE_STRIP = NO;
				DEBUG_INFORMATION_FORMAT = dwarf;
				ENABLE_STRICT_OBJC_MSGSEND = YES;
				GCC_C_LANGUAGE_STANDARD = gnu99;
				GCC_DYNAMIC_NO_PIC = NO;
				GCC_NO_COMMON_BLOCKS = YES;
				GCC_OPTIMIZATION_LEVEL = 0;
				GCC_PREPROCESSOR_DEFINITIONS = (
					"DEBUG=1",
					"$(inherited)",
				);
				GCC_SYMBOLS_PRIVATE_EXTERN = NO;
				GCC_WARN_64_TO_32_BIT_CONVERSION = YES;
				GCC_WARN_ABOUT_RETURN_TYPE = YES_ERROR;
				GCC_WARN_UNDECLARED_SELECTOR = YES;
				GCC_WARN_UNINITIALIZED_AUTOS = YES_AGGRESSIVE;
				GCC_WARN_UNUSED_FUNCTION = YES;
				GCC_WARN_UNUSED_VARIABLE = YES;
				MACOSX_DEPLOYMENT_TARGET = 10.10;
				MTL_ENABLE_DEBUG_INFO = YES;
				ONLY_ACTIVE_ARCH = YES;
				SDKROOT = macosx;
			};
			name = Debug;
		};
		456641411E0A79AE0060454F /* Release */ = {
			isa = XCBuildConfiguration;
			buildSettings = {
				ALWAYS_SEARCH_USER_PATHS = NO;
				CLANG_CXX_LANGUAGE_STANDARD = "gnu++0x";
				CLANG_CXX_LIBRARY = "libc++";
				CLANG_ENABLE_MODULES = YES;
				CLANG_ENABLE_OBJC_ARC = YES;
				CLANG_WARN_BOOL_CONVERSION = YES;
				CLANG_WARN_CONSTANT_CONVERSION = YES;
				CLANG_WARN_DIRECT_OBJC_ISA_USAGE = YES_ERROR;
				CLANG_WARN_EMPTY_BODY = YES;
				CLANG_WARN_ENUM_CONVERSION = YES;
				CLANG_WARN_INT_CONVERSION = YES;
				CLANG_WARN_OBJC_ROOT_CLASS = YES_ERROR;
				CLANG_WARN_UNREACHABLE_CODE = YES;
				CLANG_WARN__DUPLICATE_METHOD_MATCH = YES;
				COPY_PHASE_STRIP = NO;
				DEBUG_INFORMATION_FORMAT = "dwarf-with-dsym";
				ENABLE_NS_ASSERTIONS = NO;
				ENABLE_STRICT_OBJC_MSGSEND = YES;
				GCC_C_LANGUAGE_STANDARD = gnu99;
				GCC_NO_COMMON_BLOCKS = YES;
				GCC_WARN_64_TO_32_BIT_CONVERSION = YES;
				GCC_WARN_ABOUT_RETURN_TYPE = YES_ERROR;
				GCC_WARN_UNDECLARED_SELECTOR = YES;
				GCC_WARN_UNINITIALIZED_AUTOS = YES_AGGRESSIVE;
				GCC_WARN_UNUSED_FUNCTION = YES;
				GCC_WARN_UNUSED_VARIABLE = YES;
				MACOSX_DEPLOYMENT_TARGET = 10.10;
				MTL_ENABLE_DEBUG_INFO = NO;
				SDKROOT = macosx;
			};
			name = Release;
		};
		456641431E0A79AE0060454F /* Debug */ = {
			isa = XCBuildConfiguration;
			buildSettings = {
				HEADER_SEARCH_PATHS = (
					"$(inherited)",
					/Applications/Xcode.app/Contents/Developer/Toolchains/XcodeDefault.xctoolchain/usr/include,
					/opt/local/include/opencv2/,
					/opt/local/include/opencv/,
					/opt/local/include/,
				);
				LIBRARY_SEARCH_PATHS = (
					"$(inherited)",
					/opt/local/lib,
				);
				PRODUCT_NAME = "$(TARGET_NAME)";
			};
			name = Debug;
		};
		456641441E0A79AE0060454F /* Release */ = {
			isa = XCBuildConfiguration;
			buildSettings = {
				HEADER_SEARCH_PATHS = (
					"$(inherited)",
					/Applications/Xcode.app/Contents/Developer/Toolchains/XcodeDefault.xctoolchain/usr/include,
					/opt/local/include/opencv2/,
					/opt/local/include/opencv/,
					/opt/local/include/,
				);
				LIBRARY_SEARCH_PATHS = (
					"$(inherited)",
					/opt/local/lib,
				);
				PRODUCT_NAME = "$(TARGET_NAME)";
			};
			name = Release;
		};
/* End XCBuildConfiguration section */

/* Begin XCConfigurationList section */
		456641361E0A79AE0060454F /* Build configuration list for PBXProject "drunkChecker" */ = {
			isa = XCConfigurationList;
			buildConfigurations = (
				456641401E0A79AE0060454F /* Debug */,
				456641411E0A79AE0060454F /* Release */,
			);
			defaultConfigurationIsVisible = 0;
			defaultConfigurationName = Release;
		};
		456641421E0A79AE0060454F /* Build configuration list for PBXNativeTarget "drunkChecker" */ = {
			isa = XCConfigurationList;
			buildConfigurations = (
				456641431E0A79AE0060454F /* Debug */,
				456641441E0A79AE0060454F /* Release */,
			);
			defaultConfigurationIsVisible = 0;
			defaultConfigurationName = Release;
		};
/* End XCConfigurationList section */
	};
	rootObject = 456641331E0A79AE0060454F /* Project object */;
}
